
Microsoft Visual Studio Solution File, Format Version 9.00
# Visual Studio 2005
Project("{8BC9CEB8-8B4A-11D0-8D11-00A0C91BC942}") = "plainOutput", "plainOutput.vcproj", "{3E1ABF99-4F6C-48DB-A1B0-D745F57DD050}"
EndProject
Project("{8BC9CEB8-8B4A-11D0-8D11-00A0C91BC942}") = "coil", "..\coil\coil.vcproj", "{505175FD-3EAD-4DC2-9507-F2AE177A3C94}"
EndProject
Project("{8BC9CEB8-8B4A-11D0-8D11-00A0C91BC942}") = "set", "..\set\set.vcproj", "{2DE2C824-6D92-4488-91CE-AB54846836FF}"
EndProject
Project("{8BC9CEB8-8B4A-11D0-8D11-00A0C91BC942}") = "libld", "..\libld\libld.vcproj", "{2249E7FE-DC0F-491E-9C0F-F3A653928D5B}"
EndProject
Project("{8BC9CEB8-8B4A-11D0-8D11-00A0C91BC942}") = "testDrive", "testDrive\testDrive.vcproj", "{2BF2A04A-C22E-426A-B823-0333B0102A15}"
EndProject
Project("{8BC9CEB8-8B4A-11D0-8D11-00A0C91BC942}") = "nonStopTimer", "..\nonStopTimer\nonStopTimer.vcproj", "{16D6A3C1-656F-4C61-B600-6EA69926140D}"
EndProject
Project("{8BC9CEB8-8B4A-11D0-8D11-00A0C91BC942}") = "stBlock", "..\stBlock\stBlock.vcproj", "{26FB2383-9829-4790-905B-D25A650AF726}"
EndProject
Project("{8BC9CEB8-8B4A-11D0-8D11-00A0C91BC942}") = "counterSet", "..\counterSet\counterSet.vcproj", "{CE69EE02-9B9B-4EC6-8D80-949E363B6CF4}"
EndProject
Project("{8BC9CEB8-8B4A-11D0-8D11-00A0C91BC942}") = "counterCount", "..\counterCount\counterCount.vcproj", "{AE885DFE-6DCC-4CF3-B3BA-5BC170C3D8F3}"
EndProject
Project("{8BC9CEB8-8B4A-11D0-8D11-00A0C91BC942}") = "indexerCoil", "..\indexerCoil\indexerCoil.vcproj", "{B15A3412-DE9E-4942-83C2-804A03BCB648}"
EndProject
Project("{8BC9CEB8-8B4A-11D0-8D11-00A0C91BC942}") = "counterCountType2", "..\counterCountType2\counterCountType2.vcproj", "{79C72A30-9DB7-4FB0-95FE-04D1EF359008}"
EndProject
Global
	GlobalSection(SolutionConfigurationPlatforms) = preSolution
		Debug|Win32 = Debug|Win32
		Release|Win32 = Release|Win32
	EndGlobalSection
	GlobalSection(ProjectConfigurationPlatforms) = postSolution
		{3E1ABF99-4F6C-48DB-A1B0-D745F57DD050}.Debug|Win32.ActiveCfg = Debug|Win32
		{3E1ABF99-4F6C-48DB-A1B0-D745F57DD050}.Debug|Win32.Build.0 = Debug|Win32
		{3E1ABF99-4F6C-48DB-A1B0-D745F57DD050}.Release|Win32.ActiveCfg = Release|Win32
		{3E1ABF99-4F6C-48DB-A1B0-D745F57DD050}.Release|Win32.Build.0 = Release|Win32
		{505175FD-3EAD-4DC2-9507-F2AE177A3C94}.Debug|Win32.ActiveCfg = Debug|Win32
		{505175FD-3EAD-4DC2-9507-F2AE177A3C94}.Debug|Win32.Build.0 = Debug|Win32
		{505175FD-3EAD-4DC2-9507-F2AE177A3C94}.Release|Win32.ActiveCfg = Release|Win32
		{505175FD-3EAD-4DC2-9507-F2AE177A3C94}.Release|Win32.Build.0 = Release|Win32
		{2DE2C824-6D92-4488-91CE-AB54846836FF}.Debug|Win32.ActiveCfg = Debug|Win32
		{2DE2C824-6D92-4488-91CE-AB54846836FF}.Debug|Win32.Build.0 = Debug|Win32
		{2DE2C824-6D92-4488-91CE-AB54846836FF}.Release|Win32.ActiveCfg = Release|Win32
		{2DE2C824-6D92-4488-91CE-AB54846836FF}.Release|Win32.Build.0 = Release|Win32
		{2249E7FE-DC0F-491E-9C0F-F3A653928D5B}.Debug|Win32.ActiveCfg = Debug|Win32
		{2249E7FE-DC0F-491E-9C0F-F3A653928D5B}.Debug|Win32.Build.0 = Debug|Win32
		{2249E7FE-DC0F-491E-9C0F-F3A653928D5B}.Release|Win32.ActiveCfg = Release|Win32
		{2249E7FE-DC0F-491E-9C0F-F3A653928D5B}.Release|Win32.Build.0 = Release|Win32
		{2BF2A04A-C22E-426A-B823-0333B0102A15}.Debug|Win32.ActiveCfg = Debug|Win32
		{2BF2A04A-C22E-426A-B823-0333B0102A15}.Debug|Win32.Build.0 = Debug|Win32
		{2BF2A04A-C22E-426A-B823-0333B0102A15}.Release|Win32.ActiveCfg = Release|Win32
		{2BF2A04A-C22E-426A-B823-0333B0102A15}.Release|Win32.Build.0 = Release|Win32
		{16D6A3C1-656F-4C61-B600-6EA69926140D}.Debug|Win32.ActiveCfg = Debug|Win32
		{16D6A3C1-656F-4C61-B600-6EA69926140D}.Debug|Win32.Build.0 = Debug|Win32
		{16D6A3C1-656F-4C61-B600-6EA69926140D}.Release|Win32.ActiveCfg = Release|Win32
		{16D6A3C1-656F-4C61-B600-6EA69926140D}.Release|Win32.Build.0 = Release|Win32
		{26FB2383-9829-4790-905B-D25A650AF726}.Debug|Win32.ActiveCfg = Debug|Win32
		{26FB2383-9829-4790-905B-D25A650AF726}.Debug|Win32.Build.0 = Debug|Win32
		{26FB2383-9829-4790-905B-D25A650AF726}.Release|Win32.ActiveCfg = Release|Win32
		{26FB2383-9829-4790-905B-D25A650AF726}.Release|Win32.Build.0 = Release|Win32
		{CE69EE02-9B9B-4EC6-8D80-949E363B6CF4}.Debug|Win32.ActiveCfg = Debug|Win32
		{CE69EE02-9B9B-4EC6-8D80-949E363B6CF4}.Debug|Win32.Build.0 = Debug|Win32
		{CE69EE02-9B9B-4EC6-8D80-949E363B6CF4}.Release|Win32.ActiveCfg = Release|Win32
		{CE69EE02-9B9B-4EC6-8D80-949E363B6CF4}.Release|Win32.Build.0 = Release|Win32
		{AE885DFE-6DCC-4CF3-B3BA-5BC170C3D8F3}.Debug|Win32.ActiveCfg = Debug|Win32
		{AE885DFE-6DCC-4CF3-B3BA-5BC170C3D8F3}.Debug|Win32.Build.0 = Debug|Win32
		{AE885DFE-6DCC-4CF3-B3BA-5BC170C3D8F3}.Release|Win32.ActiveCfg = Release|Win32
		{AE885DFE-6DCC-4CF3-B3BA-5BC170C3D8F3}.Release|Win32.Build.0 = Release|Win32
		{B15A3412-DE9E-4942-83C2-804A03BCB648}.Debug|Win32.ActiveCfg = Debug|Win32
		{B15A3412-DE9E-4942-83C2-804A03BCB648}.Debug|Win32.Build.0 = Debug|Win32
		{B15A3412-DE9E-4942-83C2-804A03BCB648}.Release|Win32.ActiveCfg = Release|Win32
		{B15A3412-DE9E-4942-83C2-804A03BCB648}.Release|Win32.Build.0 = Release|Win32
		{79C72A30-9DB7-4FB0-95FE-04D1EF359008}.Debug|Win32.ActiveCfg = Debug|Win32
		{79C72A30-9DB7-4FB0-95FE-04D1EF359008}.Debug|Win32.Build.0 = Debug|Win32
		{79C72A30-9DB7-4FB0-95FE-04D1EF359008}.Release|Win32.ActiveCfg = Release|Win32
		{79C72A30-9DB7-4FB0-95FE-04D1EF359008}.Release|Win32.Build.0 = Release|Win32
	EndGlobalSection
	GlobalSection(SolutionProperties) = preSolution
		HideSolutionNode = FALSE
	EndGlobalSection
EndGlobal
